
Microsoft Visual Studio Solution File, Format Version 12.00
# Visual Studio 2012
Project("{FAE04EC0-301F-11D3-BF4B-00C04F79EFBC}") = "haliSatisOtomasyonu", "haliSatisOtomasyonu\haliSatisOtomasyonu.csproj", "{EF554BF7-34C9-4D24-9630-6FD878DE6FAD}"
EndProject
Project("{2150E333-8FDC-42A3-9474-1A3956D46DE8}") = "Solution Items", "Solution Items", "{E6E67C07-73EB-4544-8145-25143110123C}"
EndProject
Global
	GlobalSection(SolutionConfigurationPlatforms) = preSolution
		Debug|Any CPU = Debug|Any CPU
		Release|Any CPU = Release|Any CPU
	EndGlobalSection
	GlobalSection(ProjectConfigurationPlatforms) = postSolution
		{EF554BF7-34C9-4D24-9630-6FD878DE6FAD}.Debug|Any CPU.ActiveCfg = Debug|Any CPU
		{EF554BF7-34C9-4D24-9630-6FD878DE6FAD}.Debug|Any CPU.Build.0 = Debug|Any CPU
		{EF554BF7-34C9-4D24-9630-6FD878DE6FAD}.Release|Any CPU.ActiveCfg = Release|Any CPU
		{EF554BF7-34C9-4D24-9630-6FD878DE6FAD}.Release|Any CPU.Build.0 = Release|Any CPU
	EndGlobalSection
	GlobalSection(SolutionProperties) = preSolution
		HideSolutionNode = FALSE
	EndGlobalSection
EndGlobal
